
Microsoft Visual Studio Solution File, Format Version 12.00
# Visual Studio Version 17
VisualStudioVersion = 17.6.33712.159
MinimumVisualStudioVersion = 10.0.40219.1
Project("{FAE04EC0-301F-11D3-BF4B-00C04F79EFBC}") = "SyncfusionIssue.Server", "Server\SyncfusionIssue.Server.csproj", "{6F84E13F-2C51-413E-861D-3B440D4056AD}"
EndProject
Project("{FAE04EC0-301F-11D3-BF4B-00C04F79EFBC}") = "SyncfusionIssue.Client", "Client\SyncfusionIssue.Client.csproj", "{DADA2A20-540D-4AC4-804C-683EFA02E9C5}"
EndProject
Project("{FAE04EC0-301F-11D3-BF4B-00C04F79EFBC}") = "SyncfusionIssue.Shared", "Shared\SyncfusionIssue.Shared.csproj", "{A681B110-E74E-4E51-B0AB-222016FCB92D}"
EndProject
Global
	GlobalSection(SolutionConfigurationPlatforms) = preSolution
		Debug|Any CPU = Debug|Any CPU
		Release|Any CPU = Release|Any CPU
	EndGlobalSection
	GlobalSection(ProjectConfigurationPlatforms) = postSolution
		{6F84E13F-2C51-413E-861D-3B440D4056AD}.Debug|Any CPU.ActiveCfg = Debug|Any CPU
		{6F84E13F-2C51-413E-861D-3B440D4056AD}.Debug|Any CPU.Build.0 = Debug|Any CPU
		{6F84E13F-2C51-413E-861D-3B440D4056AD}.Release|Any CPU.ActiveCfg = Release|Any CPU
		{6F84E13F-2C51-413E-861D-3B440D4056AD}.Release|Any CPU.Build.0 = Release|Any CPU
		{DADA2A20-540D-4AC4-804C-683EFA02E9C5}.Debug|Any CPU.ActiveCfg = Debug|Any CPU
		{DADA2A20-540D-4AC4-804C-683EFA02E9C5}.Debug|Any CPU.Build.0 = Debug|Any CPU
		{DADA2A20-540D-4AC4-804C-683EFA02E9C5}.Release|Any CPU.ActiveCfg = Release|Any CPU
		{DADA2A20-540D-4AC4-804C-683EFA02E9C5}.Release|Any CPU.Build.0 = Release|Any CPU
		{A681B110-E74E-4E51-B0AB-222016FCB92D}.Debug|Any CPU.ActiveCfg = Debug|Any CPU
		{A681B110-E74E-4E51-B0AB-222016FCB92D}.Debug|Any CPU.Build.0 = Debug|Any CPU
		{A681B110-E74E-4E51-B0AB-222016FCB92D}.Release|Any CPU.ActiveCfg = Release|Any CPU
		{A681B110-E74E-4E51-B0AB-222016FCB92D}.Release|Any CPU.Build.0 = Release|Any CPU
	EndGlobalSection
	GlobalSection(SolutionProperties) = preSolution
		HideSolutionNode = FALSE
	EndGlobalSection
	GlobalSection(ExtensibilityGlobals) = postSolution
		SolutionGuid = {FE88CE03-9C30-4DAA-8E8A-DC8FD4C956A6}
	EndGlobalSection
EndGlobal
